
Microsoft Visual Studio Solution File, Format Version 12.00
# Visual Studio 15
VisualStudioVersion = 15.0.26730.16
MinimumVisualStudioVersion = 10.0.40219.1
Project("{FAE04EC0-301F-11D3-BF4B-00C04F79EFBC}") = "ProjectWebSaleLand", "ProjectWebSaleLand\ProjectWebSaleLand.csproj", "{F78C729C-6D1D-4E97-89E5-2A085B7187B5}"
EndProject
Project("{FAE04EC0-301F-11D3-BF4B-00C04F79EFBC}") = "ProjectWebSaleLand.Data", "ProjectWebSaleLand.Data\ProjectWebSaleLand.Data.csproj", "{D77D60AF-1A9E-4C80-9B02-5F8140E27865}"
EndProject
Project("{FAE04EC0-301F-11D3-BF4B-00C04F79EFBC}") = "ProjectWebSaleLand.Shared", "ProjectWebSaleLane.Shared\ProjectWebSaleLand.Shared.csproj", "{BEBF8F50-64D3-4747-8592-3BC49FD038A3}"
EndProject
Global
	GlobalSection(SolutionConfigurationPlatforms) = preSolution
		Debug|Any CPU = Debug|Any CPU
		Release|Any CPU = Release|Any CPU
	EndGlobalSection
	GlobalSection(ProjectConfigurationPlatforms) = postSolution
		{F78C729C-6D1D-4E97-89E5-2A085B7187B5}.Debug|Any CPU.ActiveCfg = Debug|Any CPU
		{F78C729C-6D1D-4E97-89E5-2A085B7187B5}.Debug|Any CPU.Build.0 = Debug|Any CPU
		{F78C729C-6D1D-4E97-89E5-2A085B7187B5}.Release|Any CPU.ActiveCfg = Release|Any CPU
		{F78C729C-6D1D-4E97-89E5-2A085B7187B5}.Release|Any CPU.Build.0 = Release|Any CPU
		{D77D60AF-1A9E-4C80-9B02-5F8140E27865}.Debug|Any CPU.ActiveCfg = Debug|Any CPU
		{D77D60AF-1A9E-4C80-9B02-5F8140E27865}.Debug|Any CPU.Build.0 = Debug|Any CPU
		{D77D60AF-1A9E-4C80-9B02-5F8140E27865}.Release|Any CPU.ActiveCfg = Release|Any CPU
		{D77D60AF-1A9E-4C80-9B02-5F8140E27865}.Release|Any CPU.Build.0 = Release|Any CPU
		{BEBF8F50-64D3-4747-8592-3BC49FD038A3}.Debug|Any CPU.ActiveCfg = Debug|Any CPU
		{BEBF8F50-64D3-4747-8592-3BC49FD038A3}.Debug|Any CPU.Build.0 = Debug|Any CPU
		{BEBF8F50-64D3-4747-8592-3BC49FD038A3}.Release|Any CPU.ActiveCfg = Release|Any CPU
		{BEBF8F50-64D3-4747-8592-3BC49FD038A3}.Release|Any CPU.Build.0 = Release|Any CPU
	EndGlobalSection
	GlobalSection(SolutionProperties) = preSolution
		HideSolutionNode = FALSE
	EndGlobalSection
	GlobalSection(ExtensibilityGlobals) = postSolution
		SolutionGuid = {80F4FDF6-8812-46B3-ACF5-33ED0528A409}
	EndGlobalSection
	GlobalSection(TeamFoundationVersionControl) = preSolution
		SccNumberOfProjects = 4
		SccEnterpriseProvider = {4CA58AB2-18FA-4F8D-95D4-32DDF27D184C}
		SccTeamFoundationServer = https://davidtuan.visualstudio.com/
		SccLocalPath0 = .
		SccProjectUniqueName1 = ProjectWebSaleLand.Data\\ProjectWebSaleLand.Data.csproj
		SccProjectName1 = ProjectWebSaleLand.Data
		SccLocalPath1 = ProjectWebSaleLand.Data
		SccProjectUniqueName2 = ProjectWebSaleLand\\ProjectWebSaleLand.csproj
		SccProjectName2 = ProjectWebSaleLand
		SccLocalPath2 = ProjectWebSaleLand
		SccProjectUniqueName3 = ProjectWebSaleLane.Shared\\ProjectWebSaleLand.Shared.csproj
		SccProjectName3 = ProjectWebSaleLane.Shared
		SccLocalPath3 = ProjectWebSaleLane.Shared
	EndGlobalSection
EndGlobal
